
Microsoft Visual Studio Solution File, Format Version 12.00
# Visual Studio Version 17
VisualStudioVersion = 17.12.35707.178
MinimumVisualStudioVersion = 10.0.40219.1
Project("{8BC9CEB8-8B4A-11D0-8D11-00A0C91BC942}") = "Lab1", "Lab1\Lab1.vcxproj", "{DBF9ACE1-C945-4DC2-B530-75DCCCDB7039}"
EndProject
Project("{8BC9CEB8-8B4A-11D0-8D11-00A0C91BC942}") = "common", "common\common.vcxproj", "{102E47EA-8E04-4BA3-A352-53CFB6F5DBF5}"
EndProject
Project("{8BC9CEB8-8B4A-11D0-8D11-00A0C91BC942}") = "lab2", "lab2\lab2.vcxproj", "{8FD499FE-2642-4D64-BDA9-F4ABC29BCCC2}"
EndProject
Project("{8BC9CEB8-8B4A-11D0-8D11-00A0C91BC942}") = "lab3", "lab3\lab3.vcxproj", "{98C794E7-AE64-44F1-A870-F11C3711F276}"
EndProject
Project("{8BC9CEB8-8B4A-11D0-8D11-00A0C91BC942}") = "lab4", "lab4\lab4.vcxproj", "{4F0B44BB-8BAB-4B4F-9A2C-BBD193F16252}"
EndProject
Project("{8BC9CEB8-8B4A-11D0-8D11-00A0C91BC942}") = "lab5", "lab5\lab5.vcxproj", "{1991C605-5E2D-4E0E-BDC5-DE9309038D5E}"
EndProject
Project("{8BC9CEB8-8B4A-11D0-8D11-00A0C91BC942}") = "lab6", "lab6\lab6.vcxproj", "{C5872388-323F-4DD7-8CD9-59474B7487B1}"
EndProject
Project("{8BC9CEB8-8B4A-11D0-8D11-00A0C91BC942}") = "lab7", "lab7\lab7.vcxproj", "{2F2E9935-0C9A-444A-8B6C-0CB882705C1C}"
EndProject
Project("{8BC9CEB8-8B4A-11D0-8D11-00A0C91BC942}") = "kurs", "kurs\kurs.vcxproj", "{8A975AB4-CC07-4E12-ABC9-40830779A007}"
EndProject
Global
	GlobalSection(SolutionConfigurationPlatforms) = preSolution
		Debug|x64 = Debug|x64
		Debug|x86 = Debug|x86
		Release|x64 = Release|x64
		Release|x86 = Release|x86
	EndGlobalSection
	GlobalSection(ProjectConfigurationPlatforms) = postSolution
		{DBF9ACE1-C945-4DC2-B530-75DCCCDB7039}.Debug|x64.ActiveCfg = Debug|x64
		{DBF9ACE1-C945-4DC2-B530-75DCCCDB7039}.Debug|x64.Build.0 = Debug|x64
		{DBF9ACE1-C945-4DC2-B530-75DCCCDB7039}.Debug|x86.ActiveCfg = Debug|Win32
		{DBF9ACE1-C945-4DC2-B530-75DCCCDB7039}.Debug|x86.Build.0 = Debug|Win32
		{DBF9ACE1-C945-4DC2-B530-75DCCCDB7039}.Release|x64.ActiveCfg = Release|x64
		{DBF9ACE1-C945-4DC2-B530-75DCCCDB7039}.Release|x64.Build.0 = Release|x64
		{DBF9ACE1-C945-4DC2-B530-75DCCCDB7039}.Release|x86.ActiveCfg = Release|Win32
		{DBF9ACE1-C945-4DC2-B530-75DCCCDB7039}.Release|x86.Build.0 = Release|Win32
		{102E47EA-8E04-4BA3-A352-53CFB6F5DBF5}.Debug|x64.ActiveCfg = Debug|x64
		{102E47EA-8E04-4BA3-A352-53CFB6F5DBF5}.Debug|x64.Build.0 = Debug|x64
		{102E47EA-8E04-4BA3-A352-53CFB6F5DBF5}.Debug|x86.ActiveCfg = Debug|Win32
		{102E47EA-8E04-4BA3-A352-53CFB6F5DBF5}.Debug|x86.Build.0 = Debug|Win32
		{102E47EA-8E04-4BA3-A352-53CFB6F5DBF5}.Release|x64.ActiveCfg = Release|x64
		{102E47EA-8E04-4BA3-A352-53CFB6F5DBF5}.Release|x64.Build.0 = Release|x64
		{102E47EA-8E04-4BA3-A352-53CFB6F5DBF5}.Release|x86.ActiveCfg = Release|Win32
		{102E47EA-8E04-4BA3-A352-53CFB6F5DBF5}.Release|x86.Build.0 = Release|Win32
		{8FD499FE-2642-4D64-BDA9-F4ABC29BCCC2}.Debug|x64.ActiveCfg = Debug|x64
		{8FD499FE-2642-4D64-BDA9-F4ABC29BCCC2}.Debug|x64.Build.0 = Debug|x64
		{8FD499FE-2642-4D64-BDA9-F4ABC29BCCC2}.Debug|x86.ActiveCfg = Debug|Win32
		{8FD499FE-2642-4D64-BDA9-F4ABC29BCCC2}.Debug|x86.Build.0 = Debug|Win32
		{8FD499FE-2642-4D64-BDA9-F4ABC29BCCC2}.Release|x64.ActiveCfg = Release|x64
		{8FD499FE-2642-4D64-BDA9-F4ABC29BCCC2}.Release|x64.Build.0 = Release|x64
		{8FD499FE-2642-4D64-BDA9-F4ABC29BCCC2}.Release|x86.ActiveCfg = Release|Win32
		{8FD499FE-2642-4D64-BDA9-F4ABC29BCCC2}.Release|x86.Build.0 = Release|Win32
		{98C794E7-AE64-44F1-A870-F11C3711F276}.Debug|x64.ActiveCfg = Debug|x64
		{98C794E7-AE64-44F1-A870-F11C3711F276}.Debug|x64.Build.0 = Debug|x64
		{98C794E7-AE64-44F1-A870-F11C3711F276}.Debug|x86.ActiveCfg = Debug|Win32
		{98C794E7-AE64-44F1-A870-F11C3711F276}.Debug|x86.Build.0 = Debug|Win32
		{98C794E7-AE64-44F1-A870-F11C3711F276}.Release|x64.ActiveCfg = Release|x64
		{98C794E7-AE64-44F1-A870-F11C3711F276}.Release|x64.Build.0 = Release|x64
		{98C794E7-AE64-44F1-A870-F11C3711F276}.Release|x86.ActiveCfg = Release|Win32
		{98C794E7-AE64-44F1-A870-F11C3711F276}.Release|x86.Build.0 = Release|Win32
		{4F0B44BB-8BAB-4B4F-9A2C-BBD193F16252}.Debug|x64.ActiveCfg = Debug|x64
		{4F0B44BB-8BAB-4B4F-9A2C-BBD193F16252}.Debug|x64.Build.0 = Debug|x64
		{4F0B44BB-8BAB-4B4F-9A2C-BBD193F16252}.Debug|x86.ActiveCfg = Debug|Win32
		{4F0B44BB-8BAB-4B4F-9A2C-BBD193F16252}.Debug|x86.Build.0 = Debug|Win32
		{4F0B44BB-8BAB-4B4F-9A2C-BBD193F16252}.Release|x64.ActiveCfg = Release|x64
		{4F0B44BB-8BAB-4B4F-9A2C-BBD193F16252}.Release|x64.Build.0 = Release|x64
		{4F0B44BB-8BAB-4B4F-9A2C-BBD193F16252}.Release|x86.ActiveCfg = Release|Win32
		{4F0B44BB-8BAB-4B4F-9A2C-BBD193F16252}.Release|x86.Build.0 = Release|Win32
		{1991C605-5E2D-4E0E-BDC5-DE9309038D5E}.Debug|x64.ActiveCfg = Debug|x64
		{1991C605-5E2D-4E0E-BDC5-DE9309038D5E}.Debug|x64.Build.0 = Debug|x64
		{1991C605-5E2D-4E0E-BDC5-DE9309038D5E}.Debug|x86.ActiveCfg = Debug|Win32
		{1991C605-5E2D-4E0E-BDC5-DE9309038D5E}.Debug|x86.Build.0 = Debug|Win32
		{1991C605-5E2D-4E0E-BDC5-DE9309038D5E}.Release|x64.ActiveCfg = Release|x64
		{1991C605-5E2D-4E0E-BDC5-DE9309038D5E}.Release|x64.Build.0 = Release|x64
		{1991C605-5E2D-4E0E-BDC5-DE9309038D5E}.Release|x86.ActiveCfg = Release|Win32
		{1991C605-5E2D-4E0E-BDC5-DE9309038D5E}.Release|x86.Build.0 = Release|Win32
		{C5872388-323F-4DD7-8CD9-59474B7487B1}.Debug|x64.ActiveCfg = Debug|x64
		{C5872388-323F-4DD7-8CD9-59474B7487B1}.Debug|x64.Build.0 = Debug|x64
		{C5872388-323F-4DD7-8CD9-59474B7487B1}.Debug|x86.ActiveCfg = Debug|Win32
		{C5872388-323F-4DD7-8CD9-59474B7487B1}.Debug|x86.Build.0 = Debug|Win32
		{C5872388-323F-4DD7-8CD9-59474B7487B1}.Release|x64.ActiveCfg = Release|x64
		{C5872388-323F-4DD7-8CD9-59474B7487B1}.Release|x64.Build.0 = Release|x64
		{C5872388-323F-4DD7-8CD9-59474B7487B1}.Release|x86.ActiveCfg = Release|Win32
		{C5872388-323F-4DD7-8CD9-59474B7487B1}.Release|x86.Build.0 = Release|Win32
		{2F2E9935-0C9A-444A-8B6C-0CB882705C1C}.Debug|x64.ActiveCfg = Debug|x64
		{2F2E9935-0C9A-444A-8B6C-0CB882705C1C}.Debug|x64.Build.0 = Debug|x64
		{2F2E9935-0C9A-444A-8B6C-0CB882705C1C}.Debug|x86.ActiveCfg = Debug|Win32
		{2F2E9935-0C9A-444A-8B6C-0CB882705C1C}.Debug|x86.Build.0 = Debug|Win32
		{2F2E9935-0C9A-444A-8B6C-0CB882705C1C}.Release|x64.ActiveCfg = Release|x64
		{2F2E9935-0C9A-444A-8B6C-0CB882705C1C}.Release|x64.Build.0 = Release|x64
		{2F2E9935-0C9A-444A-8B6C-0CB882705C1C}.Release|x86.ActiveCfg = Release|Win32
		{2F2E9935-0C9A-444A-8B6C-0CB882705C1C}.Release|x86.Build.0 = Release|Win32
		{8A975AB4-CC07-4E12-ABC9-40830779A007}.Debug|x64.ActiveCfg = Debug|x64
		{8A975AB4-CC07-4E12-ABC9-40830779A007}.Debug|x64.Build.0 = Debug|x64
		{8A975AB4-CC07-4E12-ABC9-40830779A007}.Debug|x86.ActiveCfg = Debug|Win32
		{8A975AB4-CC07-4E12-ABC9-40830779A007}.Debug|x86.Build.0 = Debug|Win32
		{8A975AB4-CC07-4E12-ABC9-40830779A007}.Release|x64.ActiveCfg = Release|x64
		{8A975AB4-CC07-4E12-ABC9-40830779A007}.Release|x64.Build.0 = Release|x64
		{8A975AB4-CC07-4E12-ABC9-40830779A007}.Release|x86.ActiveCfg = Release|Win32
		{8A975AB4-CC07-4E12-ABC9-40830779A007}.Release|x86.Build.0 = Release|Win32
	EndGlobalSection
	GlobalSection(SolutionProperties) = preSolution
		HideSolutionNode = FALSE
	EndGlobalSection
EndGlobal
